
Microsoft Visual Studio Solution File, Format Version 12.00
# Visual Studio Version 16
VisualStudioVersion = 16.0.29215.179
MinimumVisualStudioVersion = 10.0.40219.1
Project("{FAE04EC0-301F-11D3-BF4B-00C04F79EFBC}") = "iP - Etapa 1", "iP - Etapa 1.csproj", "{45BDE535-DCA0-4AB4-86C5-3DEABD7558C8}"
EndProject
Global
	GlobalSection(SolutionConfigurationPlatforms) = preSolution
		Debug|Any CPU = Debug|Any CPU
		Release|Any CPU = Release|Any CPU
	EndGlobalSection
	GlobalSection(ProjectConfigurationPlatforms) = postSolution
		{45BDE535-DCA0-4AB4-86C5-3DEABD7558C8}.Debug|Any CPU.ActiveCfg = Debug|Any CPU
		{45BDE535-DCA0-4AB4-86C5-3DEABD7558C8}.Debug|Any CPU.Build.0 = Debug|Any CPU
		{45BDE535-DCA0-4AB4-86C5-3DEABD7558C8}.Release|Any CPU.ActiveCfg = Release|Any CPU
		{45BDE535-DCA0-4AB4-86C5-3DEABD7558C8}.Release|Any CPU.Build.0 = Release|Any CPU
	EndGlobalSection
	GlobalSection(SolutionProperties) = preSolution
		HideSolutionNode = FALSE
	EndGlobalSection
	GlobalSection(ExtensibilityGlobals) = postSolution
		SolutionGuid = {1C95D084-2D8F-41AF-A1A9-5DD67E969A88}
	EndGlobalSection
EndGlobal
