
Microsoft Visual Studio Solution File, Format Version 12.00
# Visual Studio Version 16
VisualStudioVersion = 16.0.29215.179
MinimumVisualStudioVersion = 10.0.40219.1
Project("{FAE04EC0-301F-11D3-BF4B-00C04F79EFBC}") = "iP - Etapa 3", "iP - Etapa 3.csproj", "{DF6445E3-651D-435E-AEEA-D36041CF8E1C}"
EndProject
Global
	GlobalSection(SolutionConfigurationPlatforms) = preSolution
		Debug|Any CPU = Debug|Any CPU
		Release|Any CPU = Release|Any CPU
	EndGlobalSection
	GlobalSection(ProjectConfigurationPlatforms) = postSolution
		{DF6445E3-651D-435E-AEEA-D36041CF8E1C}.Debug|Any CPU.ActiveCfg = Debug|Any CPU
		{DF6445E3-651D-435E-AEEA-D36041CF8E1C}.Debug|Any CPU.Build.0 = Debug|Any CPU
		{DF6445E3-651D-435E-AEEA-D36041CF8E1C}.Release|Any CPU.ActiveCfg = Debug|Any CPU
		{DF6445E3-651D-435E-AEEA-D36041CF8E1C}.Release|Any CPU.Build.0 = Debug|Any CPU
	EndGlobalSection
	GlobalSection(SolutionProperties) = preSolution
		HideSolutionNode = FALSE
	EndGlobalSection
	GlobalSection(ExtensibilityGlobals) = postSolution
		SolutionGuid = {1EE290E8-3E0D-42D4-B19E-F9B6511D586B}
	EndGlobalSection
EndGlobal
